// !$*UTF8*$!
{
	archiveVersion = 1;
	classes = {
	};
	objectVersion = 56;
	objects = {

/* Begin PBXBuildFile section */
		B2D2206A2A1692C90025453F /* LandmarksApp.swift in Sources */ = {isa = PBXBuildFile; fileRef = B2D220692A1692C90025453F /* LandmarksApp.swift */; };
		B2D2206C2A1692C90025453F /* ContentView.swift in Sources */ = {isa = PBXBuildFile; fileRef = B2D2206B2A1692C90025453F /* ContentView.swift */; };
		B2D2206E2A1692CF0025453F /* Assets.xcassets in Resources */ = {isa = PBXBuildFile; fileRef = B2D2206D2A1692CF0025453F /* Assets.xcassets */; };
		B2D220712A1692CF0025453F /* Preview Assets.xcassets in Resources */ = {isa = PBXBuildFile; fileRef = B2D220702A1692CF0025453F /* Preview Assets.xcassets */; };
		B2D2207A2A1694960025453F /* CircleImage.swift in Sources */ = {isa = PBXBuildFile; fileRef = B2D220792A1694950025453F /* CircleImage.swift */; };
		B2D2207C2A16952F0025453F /* MapView.swift in Sources */ = {isa = PBXBuildFile; fileRef = B2D2207B2A16952F0025453F /* MapView.swift */; };
		B2D2207E2A16A6AE0025453F /* landmarkData.json in Resources */ = {isa = PBXBuildFile; fileRef = B2D2207D2A16A6AE0025453F /* landmarkData.json */; };
		B2D220802A16A6C80025453F /* Landmark.swift in Sources */ = {isa = PBXBuildFile; fileRef = B2D2207F2A16A6C80025453F /* Landmark.swift */; };
		B2D220822A16A85D0025453F /* ModelData.swift in Sources */ = {isa = PBXBuildFile; fileRef = B2D220812A16A85D0025453F /* ModelData.swift */; };
		B2D220872A16A90F0025453F /* LandmarkRow.swift in Sources */ = {isa = PBXBuildFile; fileRef = B2D220862A16A90F0025453F /* LandmarkRow.swift */; };
		B2D220892A16AB0D0025453F /* LandmarkList.swift in Sources */ = {isa = PBXBuildFile; fileRef = B2D220882A16AB0D0025453F /* LandmarkList.swift */; };
		B2D2208B2A16ABE60025453F /* LandmarkDetail.swift in Sources */ = {isa = PBXBuildFile; fileRef = B2D2208A2A16ABE60025453F /* LandmarkDetail.swift */; };
		B2D2208D2A16B9600025453F /* FavoriteButton.swift in Sources */ = {isa = PBXBuildFile; fileRef = B2D2208C2A16B95F0025453F /* FavoriteButton.swift */; };
/* End PBXBuildFile section */

/* Begin PBXFileReference section */
		B2D220662A1692C90025453F /* Landmarks.app */ = {isa = PBXFileReference; explicitFileType = wrapper.application; includeInIndex = 0; path = Landmarks.app; sourceTree = BUILT_PRODUCTS_DIR; };
		B2D220692A1692C90025453F /* LandmarksApp.swift */ = {isa = PBXFileReference; lastKnownFileType = sourcecode.swift; path = LandmarksApp.swift; sourceTree = "<group>"; };
		B2D2206B2A1692C90025453F /* ContentView.swift */ = {isa = PBXFileReference; lastKnownFileType = sourcecode.swift; path = ContentView.swift; sourceTree = "<group>"; };
		B2D2206D2A1692CF0025453F /* Assets.xcassets */ = {isa = PBXFileReference; lastKnownFileType = folder.assetcatalog; path = Assets.xcassets; sourceTree = "<group>"; };
		B2D220702A1692CF0025453F /* Preview Assets.xcassets */ = {isa = PBXFileReference; lastKnownFileType = folder.assetcatalog; path = "Preview Assets.xcassets"; sourceTree = "<group>"; };
		B2D220792A1694950025453F /* CircleImage.swift */ = {isa = PBXFileReference; lastKnownFileType = sourcecode.swift; path = CircleImage.swift; sourceTree = "<group>"; };
		B2D2207B2A16952F0025453F /* MapView.swift */ = {isa = PBXFileReference; lastKnownFileType = sourcecode.swift; path = MapView.swift; sourceTree = "<group>"; };
		B2D2207D2A16A6AE0025453F /* landmarkData.json */ = {isa = PBXFileReference; fileEncoding = 4; lastKnownFileType = text.json; path = landmarkData.json; sourceTree = "<group>"; };
		B2D2207F2A16A6C80025453F /* Landmark.swift */ = {isa = PBXFileReference; lastKnownFileType = sourcecode.swift; path = Landmark.swift; sourceTree = "<group>"; };
		B2D220812A16A85D0025453F /* ModelData.swift */ = {isa = PBXFileReference; lastKnownFileType = sourcecode.swift; path = ModelData.swift; sourceTree = "<group>"; };
		B2D220862A16A90F0025453F /* LandmarkRow.swift */ = {isa = PBXFileReference; lastKnownFileType = sourcecode.swift; path = LandmarkRow.swift; sourceTree = "<group>"; };
		B2D220882A16AB0D0025453F /* LandmarkList.swift */ = {isa = PBXFileReference; lastKnownFileType = sourcecode.swift; path = LandmarkList.swift; sourceTree = "<group>"; };
		B2D2208A2A16ABE60025453F /* LandmarkDetail.swift */ = {isa = PBXFileReference; lastKnownFileType = sourcecode.swift; path = LandmarkDetail.swift; sourceTree = "<group>"; };
		B2D2208C2A16B95F0025453F /* FavoriteButton.swift */ = {isa = PBXFileReference; lastKnownFileType = sourcecode.swift; path = FavoriteButton.swift; sourceTree = "<group>"; };
/* End PBXFileReference section */

/* Begin PBXFrameworksBuildPhase section */
		B2D220632A1692C90025453F /* Frameworks */ = {
			isa = PBXFrameworksBuildPhase;
			buildActionMask = 2147483647;
			files = (
			);
			runOnlyForDeploymentPostprocessing = 0;
		};
/* End PBXFrameworksBuildPhase section */

/* Begin PBXGroup section */
		B2D2205D2A1692C90025453F = {
			isa = PBXGroup;
			children = (
				B2D220682A1692C90025453F /* Landmarks */,
				B2D220672A1692C90025453F /* Products */,
			);
			sourceTree = "<group>";
		};
		B2D220672A1692C90025453F /* Products */ = {
			isa = PBXGroup;
			children = (
				B2D220662A1692C90025453F /* Landmarks.app */,
			);
			name = Products;
			sourceTree = "<group>";
		};
		B2D220682A1692C90025453F /* Landmarks */ = {
			isa = PBXGroup;
			children = (
				B2D220692A1692C90025453F /* LandmarksApp.swift */,
				B2D220832A16A8A10025453F /* Views */,
				B2D220842A16A8B30025453F /* Model */,
				B2D220852A16A8BE0025453F /* Resources */,
				B2D2206D2A1692CF0025453F /* Assets.xcassets */,
				B2D2206F2A1692CF0025453F /* Preview Content */,
			);
			path = Landmarks;
			sourceTree = "<group>";
		};
		B2D2206F2A1692CF0025453F /* Preview Content */ = {
			isa = PBXGroup;
			children = (
				B2D220702A1692CF0025453F /* Preview Assets.xcassets */,
			);
			path = "Preview Content";
			sourceTree = "<group>";
		};
		B2D220832A16A8A10025453F /* Views */ = {
			isa = PBXGroup;
			children = (
				B2D220792A1694950025453F /* CircleImage.swift */,
				B2D2208F2A16B9A00025453F /* Helpers */,
				B2D2208E2A16B9930025453F /* Landmarks */,
			);
			path = Views;
			sourceTree = "<group>";
		};
		B2D220842A16A8B30025453F /* Model */ = {
			isa = PBXGroup;
			children = (
				B2D220812A16A85D0025453F /* ModelData.swift */,
				B2D2207F2A16A6C80025453F /* Landmark.swift */,
			);
			path = Model;
			sourceTree = "<group>";
		};
		B2D220852A16A8BE0025453F /* Resources */ = {
			isa = PBXGroup;
			children = (
				B2D2207D2A16A6AE0025453F /* landmarkData.json */,
			);
			path = Resources;
			sourceTree = "<group>";
		};
		B2D2208E2A16B9930025453F /* Landmarks */ = {
			isa = PBXGroup;
			children = (
				B2D220862A16A90F0025453F /* LandmarkRow.swift */,
				B2D220882A16AB0D0025453F /* LandmarkList.swift */,
				B2D2208A2A16ABE60025453F /* LandmarkDetail.swift */,
			);
			path = Landmarks;
			sourceTree = "<group>";
		};
		B2D2208F2A16B9A00025453F /* Helpers */ = {
			isa = PBXGroup;
			children = (
				B2D2207B2A16952F0025453F /* MapView.swift */,
				B2D2206B2A1692C90025453F /* ContentView.swift */,
				B2D2208C2A16B95F0025453F /* FavoriteButton.swift */,
			);
			path = Helpers;
			sourceTree = "<group>";
		};
/* End PBXGroup section */

/* Begin PBXNativeTarget section */
		B2D220652A1692C90025453F /* Landmarks */ = {
			isa = PBXNativeTarget;
			buildConfigurationList = B2D220742A1692CF0025453F /* Build configuration list for PBXNativeTarget "Landmarks" */;
			buildPhases = (
				B2D220622A1692C90025453F /* Sources */,
				B2D220632A1692C90025453F /* Frameworks */,
				B2D220642A1692C90025453F /* Resources */,
			);
			buildRules = (
			);
			dependencies = (
			);
			name = Landmarks;
			productName = Landmarks;
			productReference = B2D220662A1692C90025453F /* Landmarks.app */;
			productType = "com.apple.product-type.application";
		};
/* End PBXNativeTarget section */

/* Begin PBXProject section */
		B2D2205E2A1692C90025453F /* Project object */ = {
			isa = PBXProject;
			attributes = {
				BuildIndependentTargetsInParallel = 1;
				LastSwiftUpdateCheck = 1430;
				LastUpgradeCheck = 1430;
				TargetAttributes = {
					B2D220652A1692C90025453F = {
						CreatedOnToolsVersion = 14.3;
					};
				};
			};
			buildConfigurationList = B2D220612A1692C90025453F /* Build configuration list for PBXProject "Landmarks" */;
			compatibilityVersion = "Xcode 14.0";
			developmentRegion = en;
			hasScannedForEncodings = 0;
			knownRegions = (
				en,
				Base,
			);
			mainGroup = B2D2205D2A1692C90025453F;
			productRefGroup = B2D220672A1692C90025453F /* Products */;
			projectDirPath = "";
			projectRoot = "";
			targets = (
				B2D220652A1692C90025453F /* Landmarks */,
			);
		};
/* End PBXProject section */

/* Begin PBXResourcesBuildPhase section */
		B2D220642A1692C90025453F /* Resources */ = {
			isa = PBXResourcesBuildPhase;
			buildActionMask = 2147483647;
			files = (
				B2D220712A1692CF0025453F /* Preview Assets.xcassets in Resources */,
				B2D2206E2A1692CF0025453F /* Assets.xcassets in Resources */,
				B2D2207E2A16A6AE0025453F /* landmarkData.json in Resources */,
			);
			runOnlyForDeploymentPostprocessing = 0;
		};
/* End PBXResourcesBuildPhase section */

/* Begin PBXSourcesBuildPhase section */
		B2D220622A1692C90025453F /* Sources */ = {
			isa = PBXSourcesBuildPhase;
			buildActionMask = 2147483647;
			files = (
				B2D2206C2A1692C90025453F /* ContentView.swift in Sources */,
				B2D2207C2A16952F0025453F /* MapView.swift in Sources */,
				B2D2206A2A1692C90025453F /* LandmarksApp.swift in Sources */,
				B2D2208D2A16B9600025453F /* FavoriteButton.swift in Sources */,
				B2D220892A16AB0D0025453F /* LandmarkList.swift in Sources */,
				B2D2208B2A16ABE60025453F /* LandmarkDetail.swift in Sources */,
				B2D2207A2A1694960025453F /* CircleImage.swift in Sources */,
				B2D220802A16A6C80025453F /* Landmark.swift in Sources */,
				B2D220872A16A90F0025453F /* LandmarkRow.swift in Sources */,
				B2D220822A16A85D0025453F /* ModelData.swift in Sources */,
			);
			runOnlyForDeploymentPostprocessing = 0;
		};
/* End PBXSourcesBuildPhase section */

/* Begin XCBuildConfiguration section */
		B2D220722A1692CF0025453F /* Debug */ = {
			isa = XCBuildConfiguration;
			buildSettings = {
				ALWAYS_SEARCH_USER_PATHS = NO;
				CLANG_ANALYZER_NONNULL = YES;
				CLANG_ANALYZER_NUMBER_OBJECT_CONVERSION = YES_AGGRESSIVE;
				CLANG_CXX_LANGUAGE_STANDARD = "gnu++20";
				CLANG_ENABLE_MODULES = YES;
				CLANG_ENABLE_OBJC_ARC = YES;
				CLANG_ENABLE_OBJC_WEAK = YES;
				CLANG_WARN_BLOCK_CAPTURE_AUTORELEASING = YES;
				CLANG_WARN_BOOL_CONVERSION = YES;
				CLANG_WARN_COMMA = YES;
				CLANG_WARN_CONSTANT_CONVERSION = YES;
				CLANG_WARN_DEPRECATED_OBJC_IMPLEMENTATIONS = YES;
				CLANG_WARN_DIRECT_OBJC_ISA_USAGE = YES_ERROR;
				CLANG_WARN_DOCUMENTATION_COMMENTS = YES;
				CLANG_WARN_EMPTY_BODY = YES;
				CLANG_WARN_ENUM_CONVERSION = YES;
				CLANG_WARN_INFINITE_RECURSION = YES;
				CLANG_WARN_INT_CONVERSION = YES;
				CLANG_WARN_NON_LITERAL_NULL_CONVERSION = YES;
				CLANG_WARN_OBJC_IMPLICIT_RETAIN_SELF = YES;
				CLANG_WARN_OBJC_LITERAL_CONVERSION = YES;
				CLANG_WARN_OBJC_ROOT_CLASS = YES_ERROR;
				CLANG_WARN_QUOTED_INCLUDE_IN_FRAMEWORK_HEADER = YES;
				CLANG_WARN_RANGE_LOOP_ANALYSIS = YES;
				CLANG_WARN_STRICT_PROTOTYPES = YES;
				CLANG_WARN_SUSPICIOUS_MOVE = YES;
				CLANG_WARN_UNGUARDED_AVAILABILITY = YES_AGGRESSIVE;
				CLANG_WARN_UNREACHABLE_CODE = YES;
				CLANG_WARN__DUPLICATE_METHOD_MATCH = YES;
				COPY_PHASE_STRIP = NO;
				DEBUG_INFORMATION_FORMAT = dwarf;
				ENABLE_STRICT_OBJC_MSGSEND = YES;
				ENABLE_TESTABILITY = YES;
				GCC_C_LANGUAGE_STANDARD = gnu11;
				GCC_DYNAMIC_NO_PIC = NO;
				GCC_NO_COMMON_BLOCKS = YES;
				GCC_OPTIMIZATION_LEVEL = 0;
				GCC_PREPROCESSOR_DEFINITIONS = (
					"DEBUG=1",
					"$(inherited)",
				);
				GCC_WARN_64_TO_32_BIT_CONVERSION = YES;
				GCC_WARN_ABOUT_RETURN_TYPE = YES_ERROR;
				GCC_WARN_UNDECLARED_SELECTOR = YES;
				GCC_WARN_UNINITIALIZED_AUTOS = YES_AGGRESSIVE;
				GCC_WARN_UNUSED_FUNCTION = YES;
				GCC_WARN_UNUSED_VARIABLE = YES;
				IPHONEOS_DEPLOYMENT_TARGET = 16.4;
				MTL_ENABLE_DEBUG_INFO = INCLUDE_SOURCE;
				MTL_FAST_MATH = YES;
				ONLY_ACTIVE_ARCH = YES;
				SDKROOT = iphoneos;
				SWIFT_ACTIVE_COMPILATION_CONDITIONS = DEBUG;
				SWIFT_OPTIMIZATION_LEVEL = "-Onone";
			};
			name = Debug;
		};
		B2D220732A1692CF0025453F /* Release */ = {
			isa = XCBuildConfiguration;
			buildSettings = {
				ALWAYS_SEARCH_USER_PATHS = NO;
				CLANG_ANALYZER_NONNULL = YES;
				CLANG_ANALYZER_NUMBER_OBJECT_CONVERSION = YES_AGGRESSIVE;
				CLANG_CXX_LANGUAGE_STANDARD = "gnu++20";
				CLANG_ENABLE_MODULES = YES;
				CLANG_ENABLE_OBJC_ARC = YES;
				CLANG_ENABLE_OBJC_WEAK = YES;
				CLANG_WARN_BLOCK_CAPTURE_AUTORELEASING = YES;
				CLANG_WARN_BOOL_CONVERSION = YES;
				CLANG_WARN_COMMA = YES;
				CLANG_WARN_CONSTANT_CONVERSION = YES;
				CLANG_WARN_DEPRECATED_OBJC_IMPLEMENTATIONS = YES;
				CLANG_WARN_DIRECT_OBJC_ISA_USAGE = YES_ERROR;
				CLANG_WARN_DOCUMENTATION_COMMENTS = YES;
				CLANG_WARN_EMPTY_BODY = YES;
				CLANG_WARN_ENUM_CONVERSION = YES;
				CLANG_WARN_INFINITE_RECURSION = YES;
				CLANG_WARN_INT_CONVERSION = YES;
				CLANG_WARN_NON_LITERAL_NULL_CONVERSION = YES;
				CLANG_WARN_OBJC_IMPLICIT_RETAIN_SELF = YES;
				CLANG_WARN_OBJC_LITERAL_CONVERSION = YES;
				CLANG_WARN_OBJC_ROOT_CLASS = YES_ERROR;
				CLANG_WARN_QUOTED_INCLUDE_IN_FRAMEWORK_HEADER = YES;
				CLANG_WARN_RANGE_LOOP_ANALYSIS = YES;
				CLANG_WARN_STRICT_PROTOTYPES = YES;
				CLANG_WARN_SUSPICIOUS_MOVE = YES;
				CLANG_WARN_UNGUARDED_AVAILABILITY = YES_AGGRESSIVE;
				CLANG_WARN_UNREACHABLE_CODE = YES;
				CLANG_WARN__DUPLICATE_METHOD_MATCH = YES;
				COPY_PHASE_STRIP = NO;
				DEBUG_INFORMATION_FORMAT = "dwarf-with-dsym";
				ENABLE_NS_ASSERTIONS = NO;
				ENABLE_STRICT_OBJC_MSGSEND = YES;
				GCC_C_LANGUAGE_STANDARD = gnu11;
				GCC_NO_COMMON_BLOCKS = YES;
				GCC_WARN_64_TO_32_BIT_CONVERSION = YES;
				GCC_WARN_ABOUT_RETURN_TYPE = YES_ERROR;
				GCC_WARN_UNDECLARED_SELECTOR = YES;
				GCC_WARN_UNINITIALIZED_AUTOS = YES_AGGRESSIVE;
				GCC_WARN_UNUSED_FUNCTION = YES;
				GCC_WARN_UNUSED_VARIABLE = YES;
				IPHONEOS_DEPLOYMENT_TARGET = 16.4;
				MTL_ENABLE_DEBUG_INFO = NO;
				MTL_FAST_MATH = YES;
				SDKROOT = iphoneos;
				SWIFT_COMPILATION_MODE = wholemodule;
				SWIFT_OPTIMIZATION_LEVEL = "-O";
				VALIDATE_PRODUCT = YES;
			};
			name = Release;
		};
		B2D220752A1692CF0025453F /* Debug */ = {
			isa = XCBuildConfiguration;
			buildSettings = {
				ASSETCATALOG_COMPILER_APPICON_NAME = AppIcon;
				ASSETCATALOG_COMPILER_GLOBAL_ACCENT_COLOR_NAME = AccentColor;
				CODE_SIGN_STYLE = Automatic;
				CURRENT_PROJECT_VERSION = 1;
				DEVELOPMENT_ASSET_PATHS = "\"Landmarks/Preview Content\"";
				ENABLE_PREVIEWS = YES;
				GENERATE_INFOPLIST_FILE = YES;
				INFOPLIST_KEY_UIApplicationSceneManifest_Generation = YES;
				INFOPLIST_KEY_UIApplicationSupportsIndirectInputEvents = YES;
				INFOPLIST_KEY_UILaunchScreen_Generation = YES;
				INFOPLIST_KEY_UISupportedInterfaceOrientations_iPad = "UIInterfaceOrientationPortrait UIInterfaceOrientationPortraitUpsideDown UIInterfaceOrientationLandscapeLeft UIInterfaceOrientationLandscapeRight";
				INFOPLIST_KEY_UISupportedInterfaceOrientations_iPhone = "UIInterfaceOrientationPortrait UIInterfaceOrientationLandscapeLeft UIInterfaceOrientationLandscapeRight";
				LD_RUNPATH_SEARCH_PATHS = (
					"$(inherited)",
					"@executable_path/Frameworks",
				);
				MARKETING_VERSION = 1.0;
				PRODUCT_BUNDLE_IDENTIFIER = com.paulolima.Landmarks;
				PRODUCT_NAME = "$(TARGET_NAME)";
				SWIFT_EMIT_LOC_STRINGS = YES;
				SWIFT_VERSION = 5.0;
				TARGETED_DEVICE_FAMILY = "1,2";
			};
			name = Debug;
		};
		B2D220762A1692CF0025453F /* Release */ = {
			isa = XCBuildConfiguration;
			buildSettings = {
				ASSETCATALOG_COMPILER_APPICON_NAME = AppIcon;
				ASSETCATALOG_COMPILER_GLOBAL_ACCENT_COLOR_NAME = AccentColor;
				CODE_SIGN_STYLE = Automatic;
				CURRENT_PROJECT_VERSION = 1;
				DEVELOPMENT_ASSET_PATHS = "\"Landmarks/Preview Content\"";
				ENABLE_PREVIEWS = YES;
				GENERATE_INFOPLIST_FILE = YES;
				INFOPLIST_KEY_UIApplicationSceneManifest_Generation = YES;
				INFOPLIST_KEY_UIApplicationSupportsIndirectInputEvents = YES;
				INFOPLIST_KEY_UILaunchScreen_Generation = YES;
				INFOPLIST_KEY_UISupportedInterfaceOrientations_iPad = "UIInterfaceOrientationPortrait UIInterfaceOrientationPortraitUpsideDown UIInterfaceOrientationLandscapeLeft UIInterfaceOrientationLandscapeRight";
				INFOPLIST_KEY_UISupportedInterfaceOrientations_iPhone = "UIInterfaceOrientationPortrait UIInterfaceOrientationLandscapeLeft UIInterfaceOrientationLandscapeRight";
				LD_RUNPATH_SEARCH_PATHS = (
					"$(inherited)",
					"@executable_path/Frameworks",
				);
				MARKETING_VERSION = 1.0;
				PRODUCT_BUNDLE_IDENTIFIER = com.paulolima.Landmarks;
				PRODUCT_NAME = "$(TARGET_NAME)";
				SWIFT_EMIT_LOC_STRINGS = YES;
				SWIFT_VERSION = 5.0;
				TARGETED_DEVICE_FAMILY = "1,2";
			};
			name = Release;
		};
/* End XCBuildConfiguration section */

/* Begin XCConfigurationList section */
		B2D220612A1692C90025453F /* Build configuration list for PBXProject "Landmarks" */ = {
			isa = XCConfigurationList;
			buildConfigurations = (
				B2D220722A1692CF0025453F /* Debug */,
				B2D220732A1692CF0025453F /* Release */,
			);
			defaultConfigurationIsVisible = 0;
			defaultConfigurationName = Release;
		};
		B2D220742A1692CF0025453F /* Build configuration list for PBXNativeTarget "Landmarks" */ = {
			isa = XCConfigurationList;
			buildConfigurations = (
				B2D220752A1692CF0025453F /* Debug */,
				B2D220762A1692CF0025453F /* Release */,
			);
			defaultConfigurationIsVisible = 0;
			defaultConfigurationName = Release;
		};
/* End XCConfigurationList section */
	};
	rootObject = B2D2205E2A1692C90025453F /* Project object */;
}
